PODS:
  - Expecta (0.4.1)
  - MTDates (0.13.0)
  - OCHamcrest (4.1.1)
  - OCMockito (1.4.0):
    - OCHamcrest (~> 4.0)
  - Specta (0.5.0)

DEPENDENCIES:
  - Expecta (= 0.4.1)
  - MTDates
  - OCMockito (= 1.4.0)
  - Specta (= 0.5.0)

SPEC CHECKSUMS:
  Expecta: a2f175f4f5f99d062d480787945ea11d8884077e
  MTDates: 05ba586f0e0525f0926c9ef18aa7a0cd68570b29
  OCHamcrest: 6f03ffa81d12feab872638490a44ab0a6d3aca10
  OCMockito: 4981140c9a9ec06c31af40f636e3c0f25f27e6b2
  Specta: eb90708ed77569bbda089f8ead10bb99b8e9489e

COCOAPODS: 0.36.3
