PODS:
  - Expecta (1.0.5)
  - MTDates (0.13.0)
  - OCHamcrest (6.0.0)
  - OCMockito (4.0.1):
    - OCHamcrest (~> 6.0)
  - Specta (1.0.5)

DEPENDENCIES:
  - Expecta
  - MTDates
  - OCMockito
  - Specta

SPEC CHECKSUMS:
  Expecta: e1c022fcd33910b6be89c291d2775b3fe27a89fe
  MTDates: 05ba586f0e0525f0926c9ef18aa7a0cd68570b29
  OCHamcrest: fc8ab38149b97df8db8029a3f2157c951bf9081d
  OCMockito: 62ddc6afff6a883f2864d51224b1dfdc0e9a7df7
  Specta: ac94d110b865115fe60ff2c6d7281053c6f8e8a2

PODFILE CHECKSUM: 51e17f5c12cadcb7143e802a5247e32dd2985089

COCOAPODS: 1.0.1
