// !$*UTF8*$!
{
	archiveVersion = 1;
	classes = {
	};
	objectVersion = 46;
	objects = {

/* Begin PBXBuildFile section */
		43078EFF197A70550025ECBF /* Foundation.framework in Frameworks */ = {isa = PBXBuildFile; fileRef = 43078EFE197A70550025ECBF /* Foundation.framework */; };
		43078F01197A70550025ECBF /* CoreGraphics.framework in Frameworks */ = {isa = PBXBuildFile; fileRef = 43078F00197A70550025ECBF /* CoreGraphics.framework */; };
		43078F03197A70550025ECBF /* UIKit.framework in Frameworks */ = {isa = PBXBuildFile; fileRef = 43078F02197A70550025ECBF /* UIKit.framework */; };
		43078F09197A70550025ECBF /* InfoPlist.strings in Resources */ = {isa = PBXBuildFile; fileRef = 43078F07197A70550025ECBF /* InfoPlist.strings */; };
		43078F0B197A70550025ECBF /* main.m in Sources */ = {isa = PBXBuildFile; fileRef = 43078F0A197A70550025ECBF /* main.m */; };
		43078F0F197A70550025ECBF /* AppDelegate.m in Sources */ = {isa = PBXBuildFile; fileRef = 43078F0E197A70550025ECBF /* AppDelegate.m */; };
		43078F11197A70550025ECBF /* Images.xcassets in Resources */ = {isa = PBXBuildFile; fileRef = 43078F10197A70550025ECBF /* Images.xcassets */; };
		43078F32197A709C0025ECBF /* XCTest.framework in Frameworks */ = {isa = PBXBuildFile; fileRef = 43078F17197A70550025ECBF /* XCTest.framework */; };
		43078F33197A709C0025ECBF /* Foundation.framework in Frameworks */ = {isa = PBXBuildFile; fileRef = 43078EFE197A70550025ECBF /* Foundation.framework */; };
		43078F34197A709C0025ECBF /* UIKit.framework in Frameworks */ = {isa = PBXBuildFile; fileRef = 43078F02197A70550025ECBF /* UIKit.framework */; };
		43078F3A197A709C0025ECBF /* InfoPlist.strings in Resources */ = {isa = PBXBuildFile; fileRef = 43078F38197A709C0025ECBF /* InfoPlist.strings */; };
		43C6ABEB1984FE7100191F93 /* SignInViewController.xib in Resources */ = {isa = PBXBuildFile; fileRef = 43C6ABEA1984FE7100191F93 /* SignInViewController.xib */; };
		A25523B3E4C24980B58F0C61 /* libPods-specs.a in Frameworks */ = {isa = PBXBuildFile; fileRef = A86EBFB65B044630A6EF6023 /* libPods-specs.a */; };
		B27A92B23BEB762AF0F6DE0B /* UIView+Specs.m in Sources */ = {isa = PBXBuildFile; fileRef = B27A9AF9432C2DCD05317D34 /* UIView+Specs.m */; };
		B27A95D1009E9A72287A1974 /* EventDescriptionFormatterSpec.m in Sources */ = {isa = PBXBuildFile; fileRef = B27A9A47CF4ACDA71125C96A /* EventDescriptionFormatterSpec.m */; };
		B27A98057C135FBFBAB45EC4 /* EventDescriptionFormatter.m in Sources */ = {isa = PBXBuildFile; fileRef = B27A97DB31A0425DEE3FA717 /* EventDescriptionFormatter.m */; };
		B27A9814B6A68F6430D0770C /* SignInManager.m in Sources */ = {isa = PBXBuildFile; fileRef = B27A929F2F43D5A0D91EE499 /* SignInManager.m */; };
		B27A9B656621B62126805C91 /* PhotoUploadViewControllerSpec.m in Sources */ = {isa = PBXBuildFile; fileRef = B27A9CB040A154FAC1DE1C58 /* PhotoUploadViewControllerSpec.m */; };
		B27A9D2BDF3D3BBEA04825E6 /* PhotoUploader.m in Sources */ = {isa = PBXBuildFile; fileRef = B27A902C852DB50978A4CDB2 /* PhotoUploader.m */; };
		B27A9E1F2CDC6B024B75B38A /* ProtocolHelper.m in Sources */ = {isa = PBXBuildFile; fileRef = B27A9224B60BEB7ACAD88ED1 /* ProtocolHelper.m */; };
		B27A9E355BE9F3119D3524F5 /* UIBarButtonItem+Specs.m in Sources */ = {isa = PBXBuildFile; fileRef = B27A9AB9151B67572477A4FD /* UIBarButtonItem+Specs.m */; };
		B27A9EA063D7C9AF6740D559 /* SignInViewControllerSpec.m in Sources */ = {isa = PBXBuildFile; fileRef = B27A951C1EE7FC22F29D27BF /* SignInViewControllerSpec.m */; };
		B27A9EF0986D7185FF92CF84 /* UIButton+Specs.m in Sources */ = {isa = PBXBuildFile; fileRef = B27A9CBC53167B13D02462CB /* UIButton+Specs.m */; };
		B27A9F024F96B51B4F3D2B81 /* SignInViewController.m in Sources */ = {isa = PBXBuildFile; fileRef = B27A9CF75137CD5DDB899B94 /* SignInViewController.m */; };
		B27A9F7C3AB3501304EBA439 /* PhotoUploadViewController.m in Sources */ = {isa = PBXBuildFile; fileRef = B27A9FCBFED434FE6F469A1A /* PhotoUploadViewController.m */; };
		E02D823543C04124A76F8FCA /* libPods.a in Frameworks */ = {isa = PBXBuildFile; fileRef = 618E4C54CC4E454494014BDA /* libPods.a */; };
/* End PBXBuildFile section */

/* Begin PBXContainerItemProxy section */
		43078F3E197A709D0025ECBF /* PBXContainerItemProxy */ = {
			isa = PBXContainerItemProxy;
			containerPortal = 43078EF3197A70550025ECBF /* Project object */;
			proxyType = 1;
			remoteGlobalIDString = 43078EFA197A70550025ECBF;
			remoteInfo = BDDExamples;
		};
/* End PBXContainerItemProxy section */

/* Begin PBXFileReference section */
		43078EFB197A70550025ECBF /* BDDExamples.app */ = {isa = PBXFileReference; explicitFileType = wrapper.application; includeInIndex = 0; path = BDDExamples.app; sourceTree = BUILT_PRODUCTS_DIR; };
		43078EFE197A70550025ECBF /* Foundation.framework */ = {isa = PBXFileReference; lastKnownFileType = wrapper.framework; name = Foundation.framework; path = System/Library/Frameworks/Foundation.framework; sourceTree = SDKROOT; };
		43078F00197A70550025ECBF /* CoreGraphics.framework */ = {isa = PBXFileReference; lastKnownFileType = wrapper.framework; name = CoreGraphics.framework; path = System/Library/Frameworks/CoreGraphics.framework; sourceTree = SDKROOT; };
		43078F02197A70550025ECBF /* UIKit.framework */ = {isa = PBXFileReference; lastKnownFileType = wrapper.framework; name = UIKit.framework; path = System/Library/Frameworks/UIKit.framework; sourceTree = SDKROOT; };
		43078F06197A70550025ECBF /* BDDExamples-Info.plist */ = {isa = PBXFileReference; lastKnownFileType = text.plist.xml; path = "BDDExamples-Info.plist"; sourceTree = "<group>"; };
		43078F08197A70550025ECBF /* en */ = {isa = PBXFileReference; lastKnownFileType = text.plist.strings; name = en; path = en.lproj/InfoPlist.strings; sourceTree = "<group>"; };
		43078F0A197A70550025ECBF /* main.m */ = {isa = PBXFileReference; lastKnownFileType = sourcecode.c.objc; path = main.m; sourceTree = "<group>"; };
		43078F0C197A70550025ECBF /* BDDExamples-Prefix.pch */ = {isa = PBXFileReference; lastKnownFileType = sourcecode.c.h; path = "BDDExamples-Prefix.pch"; sourceTree = "<group>"; };
		43078F0D197A70550025ECBF /* AppDelegate.h */ = {isa = PBXFileReference; lastKnownFileType = sourcecode.c.h; path = AppDelegate.h; sourceTree = "<group>"; };
		43078F0E197A70550025ECBF /* AppDelegate.m */ = {isa = PBXFileReference; lastKnownFileType = sourcecode.c.objc; path = AppDelegate.m; sourceTree = "<group>"; };
		43078F10197A70550025ECBF /* Images.xcassets */ = {isa = PBXFileReference; lastKnownFileType = folder.assetcatalog; path = Images.xcassets; sourceTree = "<group>"; };
		43078F17197A70550025ECBF /* XCTest.framework */ = {isa = PBXFileReference; lastKnownFileType = wrapper.framework; name = XCTest.framework; path = Library/Frameworks/XCTest.framework; sourceTree = DEVELOPER_DIR; };
		43078F31197A709C0025ECBF /* BDDExamplesSpecs.xctest */ = {isa = PBXFileReference; explicitFileType = wrapper.cfbundle; includeInIndex = 0; path = BDDExamplesSpecs.xctest; sourceTree = BUILT_PRODUCTS_DIR; };
		43078F37197A709C0025ECBF /* BDDExamplesSpecs-Info.plist */ = {isa = PBXFileReference; lastKnownFileType = text.plist.xml; path = "BDDExamplesSpecs-Info.plist"; sourceTree = "<group>"; };
		43078F39197A709C0025ECBF /* en */ = {isa = PBXFileReference; lastKnownFileType = text.plist.strings; name = en; path = en.lproj/InfoPlist.strings; sourceTree = "<group>"; };
		43078F3D197A709C0025ECBF /* BDDExamplesSpecs-Prefix.pch */ = {isa = PBXFileReference; lastKnownFileType = sourcecode.c.h; path = "BDDExamplesSpecs-Prefix.pch"; sourceTree = "<group>"; };
		43C6ABEA1984FE7100191F93 /* SignInViewController.xib */ = {isa = PBXFileReference; fileEncoding = 4; lastKnownFileType = file.xib; path = SignInViewController.xib; sourceTree = "<group>"; };
		618E4C54CC4E454494014BDA /* libPods.a */ = {isa = PBXFileReference; explicitFileType = archive.ar; includeInIndex = 0; path = libPods.a; sourceTree = BUILT_PRODUCTS_DIR; };
		A86EBFB65B044630A6EF6023 /* libPods-specs.a */ = {isa = PBXFileReference; explicitFileType = archive.ar; includeInIndex = 0; path = "libPods-specs.a"; sourceTree = BUILT_PRODUCTS_DIR; };
		AFC00F7B75EC4CE08F6F0A15 /* Pods.xcconfig */ = {isa = PBXFileReference; includeInIndex = 1; lastKnownFileType = text.xcconfig; name = Pods.xcconfig; path = Pods/Pods.xcconfig; sourceTree = "<group>"; };
		B1CB806DB3604D7DB7BD15EB /* Pods-specs.xcconfig */ = {isa = PBXFileReference; includeInIndex = 1; lastKnownFileType = text.xcconfig; name = "Pods-specs.xcconfig"; path = "Pods/Pods-specs.xcconfig"; sourceTree = "<group>"; };
		B27A902C852DB50978A4CDB2 /* PhotoUploader.m */ = {isa = PBXFileReference; fileEncoding = 4; lastKnownFileType = sourcecode.c.objc; path = PhotoUploader.m; sourceTree = "<group>"; };
		B27A90886DF2A22F2CCB57D9 /* UIButton+Specs.h */ = {isa = PBXFileReference; fileEncoding = 4; lastKnownFileType = sourcecode.c.h; path = "UIButton+Specs.h"; sourceTree = "<group>"; };
		B27A9224B60BEB7ACAD88ED1 /* ProtocolHelper.m */ = {isa = PBXFileReference; fileEncoding = 4; lastKnownFileType = sourcecode.c.objc; path = ProtocolHelper.m; sourceTree = "<group>"; };
		B27A929F2F43D5A0D91EE499 /* SignInManager.m */ = {isa = PBXFileReference; fileEncoding = 4; lastKnownFileType = sourcecode.c.objc; path = SignInManager.m; sourceTree = "<group>"; };
		B27A951C1EE7FC22F29D27BF /* SignInViewControllerSpec.m */ = {isa = PBXFileReference; fileEncoding = 4; lastKnownFileType = sourcecode.c.objc; path = SignInViewControllerSpec.m; sourceTree = "<group>"; };
		B27A96A03EF5C5A40A44D8FF /* PhotoUploader.h */ = {isa = PBXFileReference; fileEncoding = 4; lastKnownFileType = sourcecode.c.h; path = PhotoUploader.h; sourceTree = "<group>"; };
		B27A97A5C3C94E9058D868B5 /* SignInViewController.h */ = {isa = PBXFileReference; fileEncoding = 4; lastKnownFileType = sourcecode.c.h; path = SignInViewController.h; sourceTree = "<group>"; };
		B27A97DB31A0425DEE3FA717 /* EventDescriptionFormatter.m */ = {isa = PBXFileReference; fileEncoding = 4; lastKnownFileType = sourcecode.c.objc; path = EventDescriptionFormatter.m; sourceTree = "<group>"; };
		B27A9843FCBA2756826DB249 /* SignInManager.h */ = {isa = PBXFileReference; fileEncoding = 4; lastKnownFileType = sourcecode.c.h; path = SignInManager.h; sourceTree = "<group>"; };
		B27A98825F1853A3D661FD06 /* EventDescriptionFormatter.h */ = {isa = PBXFileReference; fileEncoding = 4; lastKnownFileType = sourcecode.c.h; path = EventDescriptionFormatter.h; sourceTree = "<group>"; };
		B27A99A4EDE0E3911F81B05A /* Specs.h */ = {isa = PBXFileReference; fileEncoding = 4; lastKnownFileType = sourcecode.c.h; path = Specs.h; sourceTree = "<group>"; };
		B27A9A47CF4ACDA71125C96A /* EventDescriptionFormatterSpec.m */ = {isa = PBXFileReference; fileEncoding = 4; lastKnownFileType = sourcecode.c.objc; path = EventDescriptionFormatterSpec.m; sourceTree = "<group>"; };
		B27A9A813C89D8AFC8756D82 /* Event.h */ = {isa = PBXFileReference; fileEncoding = 4; lastKnownFileType = sourcecode.c.h; path = Event.h; sourceTree = "<group>"; };
		B27A9AB9151B67572477A4FD /* UIBarButtonItem+Specs.m */ = {isa = PBXFileReference; fileEncoding = 4; lastKnownFileType = sourcecode.c.objc; path = "UIBarButtonItem+Specs.m"; sourceTree = "<group>"; };
		B27A9AF9432C2DCD05317D34 /* UIView+Specs.m */ = {isa = PBXFileReference; fileEncoding = 4; lastKnownFileType = sourcecode.c.objc; path = "UIView+Specs.m"; sourceTree = "<group>"; };
		B27A9BEDE72AA6483FCC5DCA /* UIBarButtonItem+Specs.h */ = {isa = PBXFileReference; fileEncoding = 4; lastKnownFileType = sourcecode.c.h; path = "UIBarButtonItem+Specs.h"; sourceTree = "<group>"; };
		B27A9C15F24080E70D6F6C16 /* PhotoUploadViewController.h */ = {isa = PBXFileReference; fileEncoding = 4; lastKnownFileType = sourcecode.c.h; path = PhotoUploadViewController.h; sourceTree = "<group>"; };
		B27A9C3B0FE00591D60F8F65 /* ProtocolHelper.h */ = {isa = PBXFileReference; fileEncoding = 4; lastKnownFileType = sourcecode.c.h; path = ProtocolHelper.h; sourceTree = "<group>"; };
		B27A9CB040A154FAC1DE1C58 /* PhotoUploadViewControllerSpec.m */ = {isa = PBXFileReference; fileEncoding = 4; lastKnownFileType = sourcecode.c.objc; path = PhotoUploadViewControllerSpec.m; sourceTree = "<group>"; };
		B27A9CBC53167B13D02462CB /* UIButton+Specs.m */ = {isa = PBXFileReference; fileEncoding = 4; lastKnownFileType = sourcecode.c.objc; path = "UIButton+Specs.m"; sourceTree = "<group>"; };
		B27A9CF75137CD5DDB899B94 /* SignInViewController.m */ = {isa = PBXFileReference; fileEncoding = 4; lastKnownFileType = sourcecode.c.objc; path = SignInViewController.m; sourceTree = "<group>"; };
		B27A9D0D87B5DA047780FA36 /* UIView+Specs.h */ = {isa = PBXFileReference; fileEncoding = 4; lastKnownFileType = sourcecode.c.h; path = "UIView+Specs.h"; sourceTree = "<group>"; };
		B27A9FCBFED434FE6F469A1A /* PhotoUploadViewController.m */ = {isa = PBXFileReference; fileEncoding = 4; lastKnownFileType = sourcecode.c.objc; path = PhotoUploadViewController.m; sourceTree = "<group>"; };
/* End PBXFileReference section */

/* Begin PBXFrameworksBuildPhase section */
		43078EF8197A70550025ECBF /* Frameworks */ = {
			isa = PBXFrameworksBuildPhase;
			buildActionMask = 2147483647;
			files = (
				43078F01197A70550025ECBF /* CoreGraphics.framework in Frameworks */,
				43078F03197A70550025ECBF /* UIKit.framework in Frameworks */,
				43078EFF197A70550025ECBF /* Foundation.framework in Frameworks */,
				E02D823543C04124A76F8FCA /* libPods.a in Frameworks */,
			);
			runOnlyForDeploymentPostprocessing = 0;
		};
		43078F2E197A709C0025ECBF /* Frameworks */ = {
			isa = PBXFrameworksBuildPhase;
			buildActionMask = 2147483647;
			files = (
				43078F32197A709C0025ECBF /* XCTest.framework in Frameworks */,
				43078F34197A709C0025ECBF /* UIKit.framework in Frameworks */,
				43078F33197A709C0025ECBF /* Foundation.framework in Frameworks */,
				A25523B3E4C24980B58F0C61 /* libPods-specs.a in Frameworks */,
			);
			runOnlyForDeploymentPostprocessing = 0;
		};
/* End PBXFrameworksBuildPhase section */

/* Begin PBXGroup section */
		43078EF2197A70550025ECBF = {
			isa = PBXGroup;
			children = (
				43078F04197A70550025ECBF /* BDDExamples */,
				43078F35197A709C0025ECBF /* BDDExamplesSpecs */,
				43078EFD197A70550025ECBF /* Frameworks */,
				43078EFC197A70550025ECBF /* Products */,
				B1CB806DB3604D7DB7BD15EB /* Pods-specs.xcconfig */,
				AFC00F7B75EC4CE08F6F0A15 /* Pods.xcconfig */,
			);
			sourceTree = "<group>";
		};
		43078EFC197A70550025ECBF /* Products */ = {
			isa = PBXGroup;
			children = (
				43078EFB197A70550025ECBF /* BDDExamples.app */,
				43078F31197A709C0025ECBF /* BDDExamplesSpecs.xctest */,
			);
			name = Products;
			sourceTree = "<group>";
		};
		43078EFD197A70550025ECBF /* Frameworks */ = {
			isa = PBXGroup;
			children = (
				43078EFE197A70550025ECBF /* Foundation.framework */,
				43078F00197A70550025ECBF /* CoreGraphics.framework */,
				43078F02197A70550025ECBF /* UIKit.framework */,
				43078F17197A70550025ECBF /* XCTest.framework */,
				A86EBFB65B044630A6EF6023 /* libPods-specs.a */,
				618E4C54CC4E454494014BDA /* libPods.a */,
			);
			name = Frameworks;
			sourceTree = "<group>";
		};
		43078F04197A70550025ECBF /* BDDExamples */ = {
			isa = PBXGroup;
			children = (
				43078F0D197A70550025ECBF /* AppDelegate.h */,
				43078F0E197A70550025ECBF /* AppDelegate.m */,
				43078F10197A70550025ECBF /* Images.xcassets */,
				43078F05197A70550025ECBF /* Supporting Files */,
				B27A977F0AC5111942C43830 /* Sign In View Conroller */,
				B27A9D8AFABB8748EA8D699F /* Message Formatter */,
				B27A9BAF3819B947894713B2 /* Bar Button Item */,
				B27A90DB104AE9854B39EF7F /* Helpers */,
			);
			path = BDDExamples;
			sourceTree = "<group>";
		};
		43078F05197A70550025ECBF /* Supporting Files */ = {
			isa = PBXGroup;
			children = (
				43078F06197A70550025ECBF /* BDDExamples-Info.plist */,
				43078F07197A70550025ECBF /* InfoPlist.strings */,
				43078F0A197A70550025ECBF /* main.m */,
				43078F0C197A70550025ECBF /* BDDExamples-Prefix.pch */,
			);
			name = "Supporting Files";
			sourceTree = "<group>";
		};
		43078F35197A709C0025ECBF /* BDDExamplesSpecs */ = {
			isa = PBXGroup;
			children = (
				43078F36197A709C0025ECBF /* Supporting Files */,
				B27A99A4EDE0E3911F81B05A /* Specs.h */,
				B27A941A6ED95981174E4DB1 /* Helper Categories */,
			);
			path = BDDExamplesSpecs;
			sourceTree = "<group>";
		};
		43078F36197A709C0025ECBF /* Supporting Files */ = {
			isa = PBXGroup;
			children = (
				43078F37197A709C0025ECBF /* BDDExamplesSpecs-Info.plist */,
				43078F38197A709C0025ECBF /* InfoPlist.strings */,
				43078F3D197A709C0025ECBF /* BDDExamplesSpecs-Prefix.pch */,
			);
			name = "Supporting Files";
			sourceTree = "<group>";
		};
		B27A90DB104AE9854B39EF7F /* Helpers */ = {
			isa = PBXGroup;
			children = (
				B27A9224B60BEB7ACAD88ED1 /* ProtocolHelper.m */,
				B27A9C3B0FE00591D60F8F65 /* ProtocolHelper.h */,
			);
			path = Helpers;
			sourceTree = "<group>";
		};
		B27A941A6ED95981174E4DB1 /* Helper Categories */ = {
			isa = PBXGroup;
			children = (
				B27A9AB9151B67572477A4FD /* UIBarButtonItem+Specs.m */,
				B27A9BEDE72AA6483FCC5DCA /* UIBarButtonItem+Specs.h */,
				B27A9AF9432C2DCD05317D34 /* UIView+Specs.m */,
				B27A9D0D87B5DA047780FA36 /* UIView+Specs.h */,
				B27A9CBC53167B13D02462CB /* UIButton+Specs.m */,
				B27A90886DF2A22F2CCB57D9 /* UIButton+Specs.h */,
			);
			path = "Helper Categories";
			sourceTree = "<group>";
		};
		B27A977F0AC5111942C43830 /* Sign In View Conroller */ = {
			isa = PBXGroup;
			children = (
				B27A9CF75137CD5DDB899B94 /* SignInViewController.m */,
				B27A97A5C3C94E9058D868B5 /* SignInViewController.h */,
				B27A951C1EE7FC22F29D27BF /* SignInViewControllerSpec.m */,
				B27A929F2F43D5A0D91EE499 /* SignInManager.m */,
				B27A9843FCBA2756826DB249 /* SignInManager.h */,
				43C6ABEA1984FE7100191F93 /* SignInViewController.xib */,
			);
			path = "Sign In View Conroller";
			sourceTree = "<group>";
		};
		B27A9BAF3819B947894713B2 /* Bar Button Item */ = {
			isa = PBXGroup;
			children = (
				B27A9FCBFED434FE6F469A1A /* PhotoUploadViewController.m */,
				B27A9C15F24080E70D6F6C16 /* PhotoUploadViewController.h */,
				B27A902C852DB50978A4CDB2 /* PhotoUploader.m */,
				B27A96A03EF5C5A40A44D8FF /* PhotoUploader.h */,
				B27A9CB040A154FAC1DE1C58 /* PhotoUploadViewControllerSpec.m */,
			);
			path = "Bar Button Item";
			sourceTree = "<group>";
		};
		B27A9D8AFABB8748EA8D699F /* Message Formatter */ = {
			isa = PBXGroup;
			children = (
				B27A97DB31A0425DEE3FA717 /* EventDescriptionFormatter.m */,
				B27A98825F1853A3D661FD06 /* EventDescriptionFormatter.h */,
				B27A9A813C89D8AFC8756D82 /* Event.h */,
				B27A9A47CF4ACDA71125C96A /* EventDescriptionFormatterSpec.m */,
			);
			path = "Message Formatter";
			sourceTree = "<group>";
		};
/* End PBXGroup section */

/* Begin PBXNativeTarget section */
		43078EFA197A70550025ECBF /* BDDExamples */ = {
			isa = PBXNativeTarget;
			buildConfigurationList = 43078F27197A70550025ECBF /* Build configuration list for PBXNativeTarget "BDDExamples" */;
			buildPhases = (
				7FFA9A83715240B1B06551A1 /* Check Pods Manifest.lock */,
				43078EF7197A70550025ECBF /* Sources */,
				43078EF8197A70550025ECBF /* Frameworks */,
				43078EF9197A70550025ECBF /* Resources */,
				7FC5644105B24863856B1D19 /* Copy Pods Resources */,
			);
			buildRules = (
			);
			dependencies = (
			);
			name = BDDExamples;
			productName = BDDExamples;
			productReference = 43078EFB197A70550025ECBF /* BDDExamples.app */;
			productType = "com.apple.product-type.application";
		};
		43078F30197A709C0025ECBF /* BDDExamplesSpecs */ = {
			isa = PBXNativeTarget;
			buildConfigurationList = 43078F40197A709D0025ECBF /* Build configuration list for PBXNativeTarget "BDDExamplesSpecs" */;
			buildPhases = (
				74FB24F43A9842A282521716 /* Check Pods Manifest.lock */,
				43078F2D197A709C0025ECBF /* Sources */,
				43078F2E197A709C0025ECBF /* Frameworks */,
				43078F2F197A709C0025ECBF /* Resources */,
				670E59204947484CB48783DE /* Copy Pods Resources */,
			);
			buildRules = (
			);
			dependencies = (
				43078F3F197A709D0025ECBF /* PBXTargetDependency */,
			);
			name = BDDExamplesSpecs;
			productName = BDDExamplesSpecs;
			productReference = 43078F31197A709C0025ECBF /* BDDExamplesSpecs.xctest */;
			productType = "com.apple.product-type.bundle.unit-test";
		};
/* End PBXNativeTarget section */

/* Begin PBXProject section */
		43078EF3197A70550025ECBF /* Project object */ = {
			isa = PBXProject;
			attributes = {
				LastUpgradeCheck = 0510;
				ORGANIZATIONNAME = dudek;
				TargetAttributes = {
					43078F30197A709C0025ECBF = {
						TestTargetID = 43078EFA197A70550025ECBF;
					};
				};
			};
			buildConfigurationList = 43078EF6197A70550025ECBF /* Build configuration list for PBXProject "BDDExamples" */;
			compatibilityVersion = "Xcode 3.2";
			developmentRegion = English;
			hasScannedForEncodings = 0;
			knownRegions = (
				en,
			);
			mainGroup = 43078EF2197A70550025ECBF;
			productRefGroup = 43078EFC197A70550025ECBF /* Products */;
			projectDirPath = "";
			projectRoot = "";
			targets = (
				43078EFA197A70550025ECBF /* BDDExamples */,
				43078F30197A709C0025ECBF /* BDDExamplesSpecs */,
			);
		};
/* End PBXProject section */

/* Begin PBXResourcesBuildPhase section */
		43078EF9197A70550025ECBF /* Resources */ = {
			isa = PBXResourcesBuildPhase;
			buildActionMask = 2147483647;
			files = (
				43078F09197A70550025ECBF /* InfoPlist.strings in Resources */,
				43C6ABEB1984FE7100191F93 /* SignInViewController.xib in Resources */,
				43078F11197A70550025ECBF /* Images.xcassets in Resources */,
			);
			runOnlyForDeploymentPostprocessing = 0;
		};
		43078F2F197A709C0025ECBF /* Resources */ = {
			isa = PBXResourcesBuildPhase;
			buildActionMask = 2147483647;
			files = (
				43078F3A197A709C0025ECBF /* InfoPlist.strings in Resources */,
			);
			runOnlyForDeploymentPostprocessing = 0;
		};
/* End PBXResourcesBuildPhase section */

/* Begin PBXShellScriptBuildPhase section */
		670E59204947484CB48783DE /* Copy Pods Resources */ = {
			isa = PBXShellScriptBuildPhase;
			buildActionMask = 2147483647;
			files = (
			);
			inputPaths = (
			);
			name = "Copy Pods Resources";
			outputPaths = (
			);
			runOnlyForDeploymentPostprocessing = 0;
			shellPath = /bin/sh;
			shellScript = "\"${SRCROOT}/Pods/Pods-specs-resources.sh\"\n";
			showEnvVarsInLog = 0;
		};
		74FB24F43A9842A282521716 /* Check Pods Manifest.lock */ = {
			isa = PBXShellScriptBuildPhase;
			buildActionMask = 2147483647;
			files = (
			);
			inputPaths = (
			);
			name = "Check Pods Manifest.lock";
			outputPaths = (
			);
			runOnlyForDeploymentPostprocessing = 0;
			shellPath = /bin/sh;
			shellScript = "diff \"${PODS_ROOT}/../Podfile.lock\" \"${PODS_ROOT}/Manifest.lock\" > /dev/null\nif [[ $? != 0 ]] ; then\n    cat << EOM\nerror: The sandbox is not in sync with the Podfile.lock. Run 'pod install' or update your CocoaPods installation.\nEOM\n    exit 1\nfi\n";
			showEnvVarsInLog = 0;
		};
		7FC5644105B24863856B1D19 /* Copy Pods Resources */ = {
			isa = PBXShellScriptBuildPhase;
			buildActionMask = 2147483647;
			files = (
			);
			inputPaths = (
			);
			name = "Copy Pods Resources";
			outputPaths = (
			);
			runOnlyForDeploymentPostprocessing = 0;
			shellPath = /bin/sh;
			shellScript = "\"${SRCROOT}/Pods/Pods-resources.sh\"\n";
			showEnvVarsInLog = 0;
		};
		7FFA9A83715240B1B06551A1 /* Check Pods Manifest.lock */ = {
			isa = PBXShellScriptBuildPhase;
			buildActionMask = 2147483647;
			files = (
			);
			inputPaths = (
			);
			name = "Check Pods Manifest.lock";
			outputPaths = (
			);
			runOnlyForDeploymentPostprocessing = 0;
			shellPath = /bin/sh;
			shellScript = "diff \"${PODS_ROOT}/../Podfile.lock\" \"${PODS_ROOT}/Manifest.lock\" > /dev/null\nif [[ $? != 0 ]] ; then\n    cat << EOM\nerror: The sandbox is not in sync with the Podfile.lock. Run 'pod install' or update your CocoaPods installation.\nEOM\n    exit 1\nfi\n";
			showEnvVarsInLog = 0;
		};
/* End PBXShellScriptBuildPhase section */

/* Begin PBXSourcesBuildPhase section */
		43078EF7197A70550025ECBF /* Sources */ = {
			isa = PBXSourcesBuildPhase;
			buildActionMask = 2147483647;
			files = (
				43078F0F197A70550025ECBF /* AppDelegate.m in Sources */,
				43078F0B197A70550025ECBF /* main.m in Sources */,
				B27A98057C135FBFBAB45EC4 /* EventDescriptionFormatter.m in Sources */,
				B27A9F7C3AB3501304EBA439 /* PhotoUploadViewController.m in Sources */,
				B27A9D2BDF3D3BBEA04825E6 /* PhotoUploader.m in Sources */,
				B27A9E1F2CDC6B024B75B38A /* ProtocolHelper.m in Sources */,
				B27A9F024F96B51B4F3D2B81 /* SignInViewController.m in Sources */,
				B27A9814B6A68F6430D0770C /* SignInManager.m in Sources */,
			);
			runOnlyForDeploymentPostprocessing = 0;
		};
		43078F2D197A709C0025ECBF /* Sources */ = {
			isa = PBXSourcesBuildPhase;
			buildActionMask = 2147483647;
			files = (
				B27A95D1009E9A72287A1974 /* EventDescriptionFormatterSpec.m in Sources */,
				B27A9B656621B62126805C91 /* PhotoUploadViewControllerSpec.m in Sources */,
				B27A9E355BE9F3119D3524F5 /* UIBarButtonItem+Specs.m in Sources */,
				B27A9EA063D7C9AF6740D559 /* SignInViewControllerSpec.m in Sources */,
				B27A92B23BEB762AF0F6DE0B /* UIView+Specs.m in Sources */,
				B27A9EF0986D7185FF92CF84 /* UIButton+Specs.m in Sources */,
			);
			runOnlyForDeploymentPostprocessing = 0;
		};
/* End PBXSourcesBuildPhase section */

/* Begin PBXTargetDependency section */
		43078F3F197A709D0025ECBF /* PBXTargetDependency */ = {
			isa = PBXTargetDependency;
			target = 43078EFA197A70550025ECBF /* BDDExamples */;
			targetProxy = 43078F3E197A709D0025ECBF /* PBXContainerItemProxy */;
		};
/* End PBXTargetDependency section */

/* Begin PBXVariantGroup section */
		43078F07197A70550025ECBF /* InfoPlist.strings */ = {
			isa = PBXVariantGroup;
			children = (
				43078F08197A70550025ECBF /* en */,
			);
			name = InfoPlist.strings;
			sourceTree = "<group>";
		};
		43078F38197A709C0025ECBF /* InfoPlist.strings */ = {
			isa = PBXVariantGroup;
			children = (
				43078F39197A709C0025ECBF /* en */,
			);
			name = InfoPlist.strings;
			sourceTree = "<group>";
		};
/* End PBXVariantGroup section */

/* Begin XCBuildConfiguration section */
		43078F25197A70550025ECBF /* Debug */ = {
			isa = XCBuildConfiguration;
			buildSettings = {
				ALWAYS_SEARCH_USER_PATHS = NO;
				CLANG_CXX_LANGUAGE_STANDARD = "gnu++0x";
				CLANG_CXX_LIBRARY = "libc++";
				CLANG_ENABLE_MODULES = YES;
				CLANG_ENABLE_OBJC_ARC = YES;
				CLANG_WARN_BOOL_CONVERSION = YES;
				CLANG_WARN_CONSTANT_CONVERSION = YES;
				CLANG_WARN_DIRECT_OBJC_ISA_USAGE = YES_ERROR;
				CLANG_WARN_EMPTY_BODY = YES;
				CLANG_WARN_ENUM_CONVERSION = YES;
				CLANG_WARN_INT_CONVERSION = YES;
				CLANG_WARN_OBJC_ROOT_CLASS = YES_ERROR;
				CLANG_WARN__DUPLICATE_METHOD_MATCH = YES;
				"CODE_SIGN_IDENTITY[sdk=iphoneos*]" = "iPhone Developer";
				COPY_PHASE_STRIP = NO;
				GCC_C_LANGUAGE_STANDARD = gnu99;
				GCC_DYNAMIC_NO_PIC = NO;
				GCC_OPTIMIZATION_LEVEL = 0;
				GCC_PREPROCESSOR_DEFINITIONS = (
					"DEBUG=1",
					"$(inherited)",
				);
				GCC_SYMBOLS_PRIVATE_EXTERN = NO;
				GCC_WARN_64_TO_32_BIT_CONVERSION = YES;
				GCC_WARN_ABOUT_RETURN_TYPE = YES_ERROR;
				GCC_WARN_UNDECLARED_SELECTOR = YES;
				GCC_WARN_UNINITIALIZED_AUTOS = YES_AGGRESSIVE;
				GCC_WARN_UNUSED_FUNCTION = YES;
				GCC_WARN_UNUSED_VARIABLE = YES;
				IPHONEOS_DEPLOYMENT_TARGET = 7.1;
				ONLY_ACTIVE_ARCH = YES;
				SDKROOT = iphoneos;
				TARGETED_DEVICE_FAMILY = "1,2";
			};
			name = Debug;
		};
		43078F26197A70550025ECBF /* Release */ = {
			isa = XCBuildConfiguration;
			buildSettings = {
				ALWAYS_SEARCH_USER_PATHS = NO;
				CLANG_CXX_LANGUAGE_STANDARD = "gnu++0x";
				CLANG_CXX_LIBRARY = "libc++";
				CLANG_ENABLE_MODULES = YES;
				CLANG_ENABLE_OBJC_ARC = YES;
				CLANG_WARN_BOOL_CONVERSION = YES;
				CLANG_WARN_CONSTANT_CONVERSION = YES;
				CLANG_WARN_DIRECT_OBJC_ISA_USAGE = YES_ERROR;
				CLANG_WARN_EMPTY_BODY = YES;
				CLANG_WARN_ENUM_CONVERSION = YES;
				CLANG_WARN_INT_CONVERSION = YES;
				CLANG_WARN_OBJC_ROOT_CLASS = YES_ERROR;
				CLANG_WARN__DUPLICATE_METHOD_MATCH = YES;
				"CODE_SIGN_IDENTITY[sdk=iphoneos*]" = "iPhone Developer";
				COPY_PHASE_STRIP = YES;
				ENABLE_NS_ASSERTIONS = NO;
				GCC_C_LANGUAGE_STANDARD = gnu99;
				GCC_WARN_64_TO_32_BIT_CONVERSION = YES;
				GCC_WARN_ABOUT_RETURN_TYPE = YES_ERROR;
				GCC_WARN_UNDECLARED_SELECTOR = YES;
				GCC_WARN_UNINITIALIZED_AUTOS = YES_AGGRESSIVE;
				GCC_WARN_UNUSED_FUNCTION = YES;
				GCC_WARN_UNUSED_VARIABLE = YES;
				IPHONEOS_DEPLOYMENT_TARGET = 7.1;
				SDKROOT = iphoneos;
				TARGETED_DEVICE_FAMILY = "1,2";
				VALIDATE_PRODUCT = YES;
			};
			name = Release;
		};
		43078F28197A70550025ECBF /* Debug */ = {
			isa = XCBuildConfiguration;
			baseConfigurationReference = AFC00F7B75EC4CE08F6F0A15 /* Pods.xcconfig */;
			buildSettings = {
				ASSETCATALOG_COMPILER_APPICON_NAME = AppIcon;
				ASSETCATALOG_COMPILER_LAUNCHIMAGE_NAME = LaunchImage;
				GCC_PRECOMPILE_PREFIX_HEADER = YES;
				GCC_PREFIX_HEADER = "BDDExamples/BDDExamples-Prefix.pch";
				INFOPLIST_FILE = "BDDExamples/BDDExamples-Info.plist";
				PRODUCT_NAME = "$(TARGET_NAME)";
				WRAPPER_EXTENSION = app;
			};
			name = Debug;
		};
		43078F29197A70550025ECBF /* Release */ = {
			isa = XCBuildConfiguration;
			baseConfigurationReference = AFC00F7B75EC4CE08F6F0A15 /* Pods.xcconfig */;
			buildSettings = {
				ASSETCATALOG_COMPILER_APPICON_NAME = AppIcon;
				ASSETCATALOG_COMPILER_LAUNCHIMAGE_NAME = LaunchImage;
				GCC_PRECOMPILE_PREFIX_HEADER = YES;
				GCC_PREFIX_HEADER = "BDDExamples/BDDExamples-Prefix.pch";
				INFOPLIST_FILE = "BDDExamples/BDDExamples-Info.plist";
				PRODUCT_NAME = "$(TARGET_NAME)";
				WRAPPER_EXTENSION = app;
			};
			name = Release;
		};
		43078F41197A709D0025ECBF /* Debug */ = {
			isa = XCBuildConfiguration;
			baseConfigurationReference = B1CB806DB3604D7DB7BD15EB /* Pods-specs.xcconfig */;
			buildSettings = {
				BUNDLE_LOADER = "$(BUILT_PRODUCTS_DIR)/BDDExamples.app/BDDExamples";
				FRAMEWORK_SEARCH_PATHS = (
					"$(SDKROOT)/Developer/Library/Frameworks",
					"$(inherited)",
					"$(DEVELOPER_FRAMEWORKS_DIR)",
				);
				GCC_PRECOMPILE_PREFIX_HEADER = YES;
				GCC_PREFIX_HEADER = "BDDExamplesSpecs/BDDExamplesSpecs-Prefix.pch";
				GCC_PREPROCESSOR_DEFINITIONS = (
					"DEBUG=1",
					"$(inherited)",
				);
				INFOPLIST_FILE = "BDDExamplesSpecs/BDDExamplesSpecs-Info.plist";
				PRODUCT_NAME = "$(TARGET_NAME)";
				TEST_HOST = "$(BUNDLE_LOADER)";
				WRAPPER_EXTENSION = xctest;
			};
			name = Debug;
		};
		43078F42197A709D0025ECBF /* Release */ = {
			isa = XCBuildConfiguration;
			baseConfigurationReference = B1CB806DB3604D7DB7BD15EB /* Pods-specs.xcconfig */;
			buildSettings = {
				BUNDLE_LOADER = "$(BUILT_PRODUCTS_DIR)/BDDExamples.app/BDDExamples";
				FRAMEWORK_SEARCH_PATHS = (
					"$(SDKROOT)/Developer/Library/Frameworks",
					"$(inherited)",
					"$(DEVELOPER_FRAMEWORKS_DIR)",
				);
				GCC_PRECOMPILE_PREFIX_HEADER = YES;
				GCC_PREFIX_HEADER = "BDDExamplesSpecs/BDDExamplesSpecs-Prefix.pch";
				INFOPLIST_FILE = "BDDExamplesSpecs/BDDExamplesSpecs-Info.plist";
				PRODUCT_NAME = "$(TARGET_NAME)";
				TEST_HOST = "$(BUNDLE_LOADER)";
				WRAPPER_EXTENSION = xctest;
			};
			name = Release;
		};
/* End XCBuildConfiguration section */

/* Begin XCConfigurationList section */
		43078EF6197A70550025ECBF /* Build configuration list for PBXProject "BDDExamples" */ = {
			isa = XCConfigurationList;
			buildConfigurations = (
				43078F25197A70550025ECBF /* Debug */,
				43078F26197A70550025ECBF /* Release */,
			);
			defaultConfigurationIsVisible = 0;
			defaultConfigurationName = Release;
		};
		43078F27197A70550025ECBF /* Build configuration list for PBXNativeTarget "BDDExamples" */ = {
			isa = XCConfigurationList;
			buildConfigurations = (
				43078F28197A70550025ECBF /* Debug */,
				43078F29197A70550025ECBF /* Release */,
			);
			defaultConfigurationIsVisible = 0;
			defaultConfigurationName = Release;
		};
		43078F40197A709D0025ECBF /* Build configuration list for PBXNativeTarget "BDDExamplesSpecs" */ = {
			isa = XCConfigurationList;
			buildConfigurations = (
				43078F41197A709D0025ECBF /* Debug */,
				43078F42197A709D0025ECBF /* Release */,
			);
			defaultConfigurationIsVisible = 0;
			defaultConfigurationName = Release;
		};
/* End XCConfigurationList section */
	};
	rootObject = 43078EF3197A70550025ECBF /* Project object */;
}
